
Microsoft Visual Studio Solution File, Format Version 12.00
# Visual Studio Version 17
VisualStudioVersion = 17.5.002.0
MinimumVisualStudioVersion = 10.0.40219.1
Project("{2150E333-8FDC-42A3-9474-1A3956D46DE8}") = "capstone_aelf", "capstone_aelf", "{7B35309C-3F59-4C9A-A5C9-8D50DCB06AE7}"
EndProject
Project("{9A19103F-16F7-4668-BE54-9A1E7A4F7556}") = "BuildersDAO", "capstone_aelf\src\BuildersDAO.csproj", "{2B275BEC-B72D-4B9B-9EB1-58A060B56D20}"
EndProject
Project("{9A19103F-16F7-4668-BE54-9A1E7A4F7556}") = "BuildersDAO.Tests", "capstone_aelf\test\BuildersDAO.Tests.csproj", "{AF6576D3-1641-492B-89ED-83F095FE331C}"
EndProject
Global
	GlobalSection(SolutionConfigurationPlatforms) = preSolution
		Debug|Any CPU = Debug|Any CPU
		Release|Any CPU = Release|Any CPU
	EndGlobalSection
	GlobalSection(ProjectConfigurationPlatforms) = postSolution
		{2B275BEC-B72D-4B9B-9EB1-58A060B56D20}.Debug|Any CPU.ActiveCfg = Debug|Any CPU
		{2B275BEC-B72D-4B9B-9EB1-58A060B56D20}.Debug|Any CPU.Build.0 = Debug|Any CPU
		{2B275BEC-B72D-4B9B-9EB1-58A060B56D20}.Release|Any CPU.ActiveCfg = Release|Any CPU
		{2B275BEC-B72D-4B9B-9EB1-58A060B56D20}.Release|Any CPU.Build.0 = Release|Any CPU
		{AF6576D3-1641-492B-89ED-83F095FE331C}.Debug|Any CPU.ActiveCfg = Debug|Any CPU
		{AF6576D3-1641-492B-89ED-83F095FE331C}.Debug|Any CPU.Build.0 = Debug|Any CPU
		{AF6576D3-1641-492B-89ED-83F095FE331C}.Release|Any CPU.ActiveCfg = Release|Any CPU
		{AF6576D3-1641-492B-89ED-83F095FE331C}.Release|Any CPU.Build.0 = Release|Any CPU
	EndGlobalSection
	GlobalSection(SolutionProperties) = preSolution
		HideSolutionNode = FALSE
	EndGlobalSection
	GlobalSection(NestedProjects) = preSolution
		{2B275BEC-B72D-4B9B-9EB1-58A060B56D20} = {7B35309C-3F59-4C9A-A5C9-8D50DCB06AE7}
		{AF6576D3-1641-492B-89ED-83F095FE331C} = {7B35309C-3F59-4C9A-A5C9-8D50DCB06AE7}
	EndGlobalSection
	GlobalSection(ExtensibilityGlobals) = postSolution
		SolutionGuid = {42DDA59B-24BC-4500-B288-6DD62FADCF47}
	EndGlobalSection
EndGlobal
